# @generated - this file is auto-generated by `mise lock` https://mise.jdx.dev/dev-tools/mise-lock.html

[[tools.python]]
version = "3.14.7"
backend = "core:python"

[tools.python."platforms.linux-arm64"]
checksum = "sha256:7f0b801b0ba2c74531cd2e66ee898569cdf1f323a24383576f2a6761001e01f1"
url = "https://github.com/astral-sh/python-build-standalone/releases/download/20260825/cpython-3.14.7+20260825-aarch64-unknown-linux-gnu-install_only_stripped.tar.gz"
provenance = "github-attestations"

[tools.python."platforms.linux-arm64-musl"]
checksum = "sha256:8f58d8a42e8c6af84d43ba1c9e74e56ce2354b66ec44721b289f5a6c57811fc2"
url = "https://github.com/astral-sh/python-build-standalone/releases/download/20260825/cpython-3.14.7+20260825-aarch64-unknown-linux-musl-install_only_stripped.tar.gz"
provenance = "github-attestations"

[tools.python."platforms.linux-x64"]
checksum = "sha256:a0f39e822fd3b96a2605f30f954acf9a2cdf91faa1385a13e24bc407a41e05ea"
url = "https://github.com/astral-sh/python-build-standalone/releases/download/20260825/cpython-3.14.7+20260825-x86_64-unknown-linux-gnu-install_only_stripped.tar.gz"
provenance = "github-attestations"

[tools.python."platforms.linux-x64-musl"]
checksum = "sha256:22374158b61f9415135614fb7ebdba498a84849921bb5ad025809e925d8bb428"
url = "https://github.com/astral-sh/python-build-standalone/releases/download/20260825/cpython-3.14.7+20260825-x86_64-unknown-linux-musl-install_only_stripped.tar.gz"
provenance = "github-attestations"

[tools.python."platforms.macos-arm64"]
checksum = "sha256:17ecb3d29c49765856370cbb47d948a24ec518be40f607362c1bbb3ebbc5c442"
url = "https://github.com/astral-sh/python-build-standalone/releases/download/20260825/cpython-3.14.7+20260825-aarch64-apple-darwin-install_only_stripped.tar.gz"
provenance = "github-attestations"

[tools.python."platforms.macos-x64"]
checksum = "sha256:1b1e977f6d4fb887c7fa662a8e33f18dfdc9b9cdfaf5cdb003f13b3317947848"
url = "https://github.com/astral-sh/python-build-standalone/releases/download/20260825/cpython-3.14.7+20260825-x86_64-apple-darwin-install_only_stripped.tar.gz"
provenance = "github-attestations"

[tools.python."platforms.windows-x64"]
checksum = "sha256:dec3faa3445d9efc4979e6c74a839be0d1039877367db32ee9c5f6bc91fae3c8"
url = "https://github.com/astral-sh/python-build-standalone/releases/download/20260825/cpython-3.14.7+20260825-x86_64-pc-windows-msvc-install_only_stripped.tar.gz"
provenance = "github-attestations"

[[tools.rojo]]
version = "7.6.1"
backend = "github:rojo-rbx/rojo"

[tools.rojo."platforms.linux-arm64"]
checksum = "sha256:3507d880a499478ce651444f51e467ea166abf8d9c1e20d8a8a8b15b7490c22e"
url = "https://github.com/rojo-rbx/rojo/releases/download/v7.6.1/rojo-7.6.1-linux-aarch64.zip"
url_api = "https://api.github.com/repos/rojo-rbx/rojo/releases/assets/313571356"
provenance = "github-attestations"

[tools.rojo."platforms.linux-arm64-musl"]
checksum = "sha256:3507d880a499478ce651444f51e467ea166abf8d9c1e20d8a8a8b15b7490c22e"
url = "https://github.com/rojo-rbx/rojo/releases/download/v7.6.1/rojo-7.6.1-linux-aarch64.zip"
url_api = "https://api.github.com/repos/rojo-rbx/rojo/releases/assets/313571356"
provenance = "github-attestations"

[tools.rojo."platforms.linux-x64"]
checksum = "sha256:a9542a713036897fdbd0173e7a105ea409658333133c949025fcb6f1a7ca909d"
url = "https://github.com/rojo-rbx/rojo/releases/download/v7.6.1/rojo-7.6.1-linux-x86_64.zip"
url_api = "https://api.github.com/repos/rojo-rbx/rojo/releases/assets/313571919"
provenance = "github-attestations"

[tools.rojo."platforms.linux-x64-musl"]
checksum = "sha256:a9542a713036897fdbd0173e7a105ea409658333133c949025fcb6f1a7ca909d"
url = "https://github.com/rojo-rbx/rojo/releases/download/v7.6.1/rojo-7.6.1-linux-x86_64.zip"
url_api = "https://api.github.com/repos/rojo-rbx/rojo/releases/assets/313571919"
provenance = "github-attestations"

[tools.rojo."platforms.macos-arm64"]
checksum = "sha256:0755a2cb8a0d8a49d05f9253aba8dd3858fd3474896193bca5a2ffa96c570047"
url = "https://github.com/rojo-rbx/rojo/releases/download/v7.6.1/rojo-7.6.1-macos-aarch64.zip"
url_api = "https://api.github.com/repos/rojo-rbx/rojo/releases/assets/313571976"
provenance = "github-attestations"

[tools.rojo."platforms.macos-x64"]
checksum = "sha256:31270fa738e8ae41f16bbdf5a853e6ba0c6de32f8e050f2e7be37b3382fe5e64"
url = "https://github.com/rojo-rbx/rojo/releases/download/v7.6.1/rojo-7.6.1-macos-x86_64.zip"
url_api = "https://api.github.com/repos/rojo-rbx/rojo/releases/assets/313572038"
provenance = "github-attestations"

[tools.rojo."platforms.windows-x64"]
checksum = "sha256:e1c9a78193c609720f3afb38057d3909ed483ecbf5e9e3541313ba0dcbc4f1f8"
url = "https://github.com/rojo-rbx/rojo/releases/download/v7.6.1/rojo-7.6.1-windows-x86_64.zip"
url_api = "https://api.github.com/repos/rojo-rbx/rojo/releases/assets/313572385"
provenance = "github-attestations"
provenance_verified = true

[[tools.uv]]
version = "0.12.9"
backend = "aqua:astral-sh/uv"

[tools.uv."platforms.linux-arm64"]
checksum = "sha256:c36fe17937ff6bd16dc42fc13854b5465999fcab2efe0af559381e945e3c6001"
url = "https://github.com/astral-sh/uv/releases/download/0.12.9/uv-aarch64-unknown-linux-gnu.tar.gz"
url_api = "https://api.github.com/repos/astral-sh/uv/releases/assets/540200939"
provenance = "github-attestations"

[tools.uv."platforms.linux-arm64-musl"]
checksum = "sha256:7eb9bf48516448c9db6a9e436d8e747ac9c8a9cac74717160a29918249b080a6"
url = "https://github.com/astral-sh/uv/releases/download/0.12.9/uv-aarch64-unknown-linux-musl.tar.gz"
url_api = "https://api.github.com/repos/astral-sh/uv/releases/assets/540200941"
provenance = "github-attestations"

[tools.uv."platforms.linux-x64"]
checksum = "sha256:ec7a99cd05e0cd7f80243f135ce1361c76835cb0ee60055d14d20eba8eba1460"
url = "https://github.com/astral-sh/uv/releases/download/0.12.9/uv-x86_64-unknown-linux-gnu.tar.gz"
url_api = "https://api.github.com/repos/astral-sh/uv/releases/assets/540201041"
provenance = "github-attestations"

[tools.uv."platforms.linux-x64-musl"]
checksum = "sha256:aa4b1f8770910f7c7c543c7acc980e4270e52e70750c996acef813ea1c7c2912"
url = "https://github.com/astral-sh/uv/releases/download/0.12.9/uv-x86_64-unknown-linux-musl.tar.gz"
url_api = "https://api.github.com/repos/astral-sh/uv/releases/assets/540201044"
provenance = "github-attestations"

[tools.uv."platforms.macos-arm64"]
checksum = "sha256:301f72afaf54060f92da7016cb0115bd077f43a9c8e39c1d8170a0bac80fd398"
url = "https://github.com/astral-sh/uv/releases/download/0.12.9/uv-aarch64-apple-darwin.tar.gz"
url_api = "https://api.github.com/repos/astral-sh/uv/releases/assets/540200930"
provenance = "github-attestations"

[tools.uv."platforms.macos-x64"]
checksum = "sha256:e1ca175824f1056589ce9908f7631879ebc3c36535b5e63dc06510beb370b4c1"
url = "https://github.com/astral-sh/uv/releases/download/0.12.9/uv-x86_64-apple-darwin.tar.gz"
url_api = "https://api.github.com/repos/astral-sh/uv/releases/assets/540201016"
provenance = "github-attestations"

[tools.uv."platforms.windows-x64"]
checksum = "sha256:ddbfcee1ac615a0499f6aa97b5ec8ebdf3ee4a7714a48055ec2ba0030e3cf810"
url = "https://github.com/astral-sh/uv/releases/download/0.12.9/uv-x86_64-pc-windows-msvc.zip"
url_api = "https://api.github.com/repos/astral-sh/uv/releases/assets/540201024"
provenance = "github-attestations"
